// !$*UTF8*$!
{
	archiveVersion = 1;
	classes = {
	};
	objectVersion = 46;
	objects = {

/* Begin PBXBuildFile section */
		9A48B9D61AF10A1C00AFE857 /* main.m in Sources */ = {isa = PBXBuildFile; fileRef = 9A48B9D51AF10A1C00AFE857 /* main.m */; };
		9A48B9D91AF10A1C00AFE857 /* AppDelegate.m in Sources */ = {isa = PBXBuildFile; fileRef = 9A48B9D81AF10A1C00AFE857 /* AppDelegate.m */; };
		9A48B9E11AF10A1C00AFE857 /* Images.xcassets in Resources */ = {isa = PBXBuildFile; fileRef = 9A48B9E01AF10A1C00AFE857 /* Images.xcassets */; };
		9A48B9E41AF10A1C00AFE857 /* LaunchScreen.xib in Resources */ = {isa = PBXBuildFile; fileRef = 9A48B9E21AF10A1C00AFE857 /* LaunchScreen.xib */; };
		9A48B9F01AF10A1C00AFE857 /* CYLSearchViewControllerTests.m in Sources */ = {isa = PBXBuildFile; fileRef = 9A48B9EF1AF10A1C00AFE857 /* CYLSearchViewControllerTests.m */; };
		9A48BA0D1AF1309A00AFE857 /* CYLSearchMainViewController.m in Sources */ = {isa = PBXBuildFile; fileRef = 9A48BA091AF1309A00AFE857 /* CYLSearchMainViewController.m */; };
		9A48BA0E1AF1309A00AFE857 /* CYLSearchController.m in Sources */ = {isa = PBXBuildFile; fileRef = 9A48BA0B1AF1309A00AFE857 /* CYLSearchController.m */; };
		9A48BA0F1AF1309A00AFE857 /* CYLSearchController.xib in Resources */ = {isa = PBXBuildFile; fileRef = 9A48BA0C1AF1309A00AFE857 /* CYLSearchController.xib */; };
		9A4BBBD71B18335600BD56DC /* CYLSearchBar.m in Sources */ = {isa = PBXBuildFile; fileRef = 9A4BBBD61B18335600BD56DC /* CYLSearchBar.m */; };
		9A6AD5A21B170A6300CAC6F0 /* JBKenBurnsView.m in Sources */ = {isa = PBXBuildFile; fileRef = 9A6AD5A11B170A6300CAC6F0 /* JBKenBurnsView.m */; };
		9A6AD5A51B177CD800CAC6F0 /* UIView+General.m in Sources */ = {isa = PBXBuildFile; fileRef = 9A6AD5A41B177CD800CAC6F0 /* UIView+General.m */; };
		9AB1E6751B09E0D800A8F009 /* CYLSearchResultViewController.m in Sources */ = {isa = PBXBuildFile; fileRef = 9AB1E6731B09E0D800A8F009 /* CYLSearchResultViewController.m */; };
		9AB1E6761B09E0D800A8F009 /* CYLSearchResultViewController.xib in Resources */ = {isa = PBXBuildFile; fileRef = 9AB1E6741B09E0D800A8F009 /* CYLSearchResultViewController.xib */; };
/* End PBXBuildFile section */

/* Begin PBXContainerItemProxy section */
		9A48B9EA1AF10A1C00AFE857 /* PBXContainerItemProxy */ = {
			isa = PBXContainerItemProxy;
			containerPortal = 9A48B9C81AF10A1C00AFE857 /* Project object */;
			proxyType = 1;
			remoteGlobalIDString = 9A48B9CF1AF10A1C00AFE857;
			remoteInfo = CYLSearchViewController;
		};
/* End PBXContainerItemProxy section */

/* Begin PBXFileReference section */
		9A48B9D01AF10A1C00AFE857 /* CYLSearchViewController.app */ = {isa = PBXFileReference; explicitFileType = wrapper.application; includeInIndex = 0; path = CYLSearchViewController.app; sourceTree = BUILT_PRODUCTS_DIR; };
		9A48B9D41AF10A1C00AFE857 /* Info.plist */ = {isa = PBXFileReference; lastKnownFileType = text.plist.xml; path = Info.plist; sourceTree = "<group>"; };
		9A48B9D51AF10A1C00AFE857 /* main.m */ = {isa = PBXFileReference; lastKnownFileType = sourcecode.c.objc; path = main.m; sourceTree = "<group>"; };
		9A48B9D71AF10A1C00AFE857 /* AppDelegate.h */ = {isa = PBXFileReference; lastKnownFileType = sourcecode.c.h; path = AppDelegate.h; sourceTree = "<group>"; };
		9A48B9D81AF10A1C00AFE857 /* AppDelegate.m */ = {isa = PBXFileReference; lastKnownFileType = sourcecode.c.objc; path = AppDelegate.m; sourceTree = "<group>"; };
		9A48B9E01AF10A1C00AFE857 /* Images.xcassets */ = {isa = PBXFileReference; lastKnownFileType = folder.assetcatalog; path = Images.xcassets; sourceTree = "<group>"; };
		9A48B9E31AF10A1C00AFE857 /* Base */ = {isa = PBXFileReference; lastKnownFileType = file.xib; name = Base; path = Base.lproj/LaunchScreen.xib; sourceTree = "<group>"; };
		9A48B9E91AF10A1C00AFE857 /* CYLSearchViewControllerTests.xctest */ = {isa = PBXFileReference; explicitFileType = wrapper.cfbundle; includeInIndex = 0; path = CYLSearchViewControllerTests.xctest; sourceTree = BUILT_PRODUCTS_DIR; };
		9A48B9EE1AF10A1C00AFE857 /* Info.plist */ = {isa = PBXFileReference; lastKnownFileType = text.plist.xml; path = Info.plist; sourceTree = "<group>"; };
		9A48B9EF1AF10A1C00AFE857 /* CYLSearchViewControllerTests.m */ = {isa = PBXFileReference; lastKnownFileType = sourcecode.c.objc; path = CYLSearchViewControllerTests.m; sourceTree = "<group>"; };
		9A48BA081AF1309A00AFE857 /* CYLSearchMainViewController.h */ = {isa = PBXFileReference; fileEncoding = 4; lastKnownFileType = sourcecode.c.h; name = CYLSearchMainViewController.h; path = Controller/CYLSearchMainViewController.h; sourceTree = "<group>"; };
		9A48BA091AF1309A00AFE857 /* CYLSearchMainViewController.m */ = {isa = PBXFileReference; fileEncoding = 4; lastKnownFileType = sourcecode.c.objc; name = CYLSearchMainViewController.m; path = Controller/CYLSearchMainViewController.m; sourceTree = "<group>"; };
		9A48BA0A1AF1309A00AFE857 /* CYLSearchController.h */ = {isa = PBXFileReference; fileEncoding = 4; lastKnownFileType = sourcecode.c.h; name = CYLSearchController.h; path = Controller/CYLSearchController.h; sourceTree = "<group>"; };
		9A48BA0B1AF1309A00AFE857 /* CYLSearchController.m */ = {isa = PBXFileReference; fileEncoding = 4; lastKnownFileType = sourcecode.c.objc; name = CYLSearchController.m; path = Controller/CYLSearchController.m; sourceTree = "<group>"; };
		9A48BA0C1AF1309A00AFE857 /* CYLSearchController.xib */ = {isa = PBXFileReference; fileEncoding = 4; lastKnownFileType = file.xib; name = CYLSearchController.xib; path = Controller/CYLSearchController.xib; sourceTree = "<group>"; };
		9A4BBBD51B18335600BD56DC /* CYLSearchBar.h */ = {isa = PBXFileReference; fileEncoding = 4; lastKnownFileType = sourcecode.c.h; path = CYLSearchBar.h; sourceTree = "<group>"; };
		9A4BBBD61B18335600BD56DC /* CYLSearchBar.m */ = {isa = PBXFileReference; fileEncoding = 4; lastKnownFileType = sourcecode.c.objc; path = CYLSearchBar.m; sourceTree = "<group>"; };
		9A6AD5A01B170A6300CAC6F0 /* JBKenBurnsView.h */ = {isa = PBXFileReference; fileEncoding = 4; lastKnownFileType = sourcecode.c.h; path = JBKenBurnsView.h; sourceTree = "<group>"; };
		9A6AD5A11B170A6300CAC6F0 /* JBKenBurnsView.m */ = {isa = PBXFileReference; fileEncoding = 4; lastKnownFileType = sourcecode.c.objc; path = JBKenBurnsView.m; sourceTree = "<group>"; };
		9A6AD5A31B177CD800CAC6F0 /* UIView+General.h */ = {isa = PBXFileReference; fileEncoding = 4; lastKnownFileType = sourcecode.c.h; path = "UIView+General.h"; sourceTree = "<group>"; };
		9A6AD5A41B177CD800CAC6F0 /* UIView+General.m */ = {isa = PBXFileReference; fileEncoding = 4; lastKnownFileType = sourcecode.c.objc; path = "UIView+General.m"; sourceTree = "<group>"; };
		9AB1E6721B09E0D800A8F009 /* CYLSearchResultViewController.h */ = {isa = PBXFileReference; fileEncoding = 4; lastKnownFileType = sourcecode.c.h; path = CYLSearchResultViewController.h; sourceTree = "<group>"; };
		9AB1E6731B09E0D800A8F009 /* CYLSearchResultViewController.m */ = {isa = PBXFileReference; fileEncoding = 4; lastKnownFileType = sourcecode.c.objc; path = CYLSearchResultViewController.m; sourceTree = "<group>"; };
		9AB1E6741B09E0D800A8F009 /* CYLSearchResultViewController.xib */ = {isa = PBXFileReference; fileEncoding = 4; lastKnownFileType = file.xib; path = CYLSearchResultViewController.xib; sourceTree = "<group>"; };
/* End PBXFileReference section */

/* Begin PBXFrameworksBuildPhase section */
		9A48B9CD1AF10A1C00AFE857 /* Frameworks */ = {
			isa = PBXFrameworksBuildPhase;
			buildActionMask = 2147483647;
			files = (
			);
			runOnlyForDeploymentPostprocessing = 0;
		};
		9A48B9E61AF10A1C00AFE857 /* Frameworks */ = {
			isa = PBXFrameworksBuildPhase;
			buildActionMask = 2147483647;
			files = (
			);
			runOnlyForDeploymentPostprocessing = 0;
		};
/* End PBXFrameworksBuildPhase section */

/* Begin PBXGroup section */
		9A48B9C71AF10A1C00AFE857 = {
			isa = PBXGroup;
			children = (
				9A48B9D21AF10A1C00AFE857 /* CYLSearchViewController */,
				9A48B9EC1AF10A1C00AFE857 /* CYLSearchViewControllerTests */,
				9A48B9D11AF10A1C00AFE857 /* Products */,
			);
			sourceTree = "<group>";
		};
		9A48B9D11AF10A1C00AFE857 /* Products */ = {
			isa = PBXGroup;
			children = (
				9A48B9D01AF10A1C00AFE857 /* CYLSearchViewController.app */,
				9A48B9E91AF10A1C00AFE857 /* CYLSearchViewControllerTests.xctest */,
			);
			name = Products;
			sourceTree = "<group>";
		};
		9A48B9D21AF10A1C00AFE857 /* CYLSearchViewController */ = {
			isa = PBXGroup;
			children = (
				9A48B9F91AF10ACD00AFE857 /* Class */,
				9A48B9D71AF10A1C00AFE857 /* AppDelegate.h */,
				9A48B9D81AF10A1C00AFE857 /* AppDelegate.m */,
				9A48B9E01AF10A1C00AFE857 /* Images.xcassets */,
				9A48B9E21AF10A1C00AFE857 /* LaunchScreen.xib */,
				9A48B9D31AF10A1C00AFE857 /* Supporting Files */,
			);
			path = CYLSearchViewController;
			sourceTree = "<group>";
		};
		9A48B9D31AF10A1C00AFE857 /* Supporting Files */ = {
			isa = PBXGroup;
			children = (
				9A48B9D41AF10A1C00AFE857 /* Info.plist */,
				9A48B9D51AF10A1C00AFE857 /* main.m */,
			);
			name = "Supporting Files";
			sourceTree = "<group>";
		};
		9A48B9EC1AF10A1C00AFE857 /* CYLSearchViewControllerTests */ = {
			isa = PBXGroup;
			children = (
				9A48B9EF1AF10A1C00AFE857 /* CYLSearchViewControllerTests.m */,
				9A48B9ED1AF10A1C00AFE857 /* Supporting Files */,
			);
			path = CYLSearchViewControllerTests;
			sourceTree = "<group>";
		};
		9A48B9ED1AF10A1C00AFE857 /* Supporting Files */ = {
			isa = PBXGroup;
			children = (
				9A48B9EE1AF10A1C00AFE857 /* Info.plist */,
			);
			name = "Supporting Files";
			sourceTree = "<group>";
		};
		9A48B9F91AF10ACD00AFE857 /* Class */ = {
			isa = PBXGroup;
			children = (
				9A48B9FC1AF10AF600AFE857 /* Other */,
				9A48B9FB1AF10AF000AFE857 /* View */,
				9A48B9FA1AF10AE700AFE857 /* Controller */,
			);
			path = Class;
			sourceTree = "<group>";
		};
		9A48B9FA1AF10AE700AFE857 /* Controller */ = {
			isa = PBXGroup;
			children = (
				9A48BA081AF1309A00AFE857 /* CYLSearchMainViewController.h */,
				9A48BA091AF1309A00AFE857 /* CYLSearchMainViewController.m */,
				9A48BA0A1AF1309A00AFE857 /* CYLSearchController.h */,
				9A48BA0B1AF1309A00AFE857 /* CYLSearchController.m */,
				9A48BA0C1AF1309A00AFE857 /* CYLSearchController.xib */,
				9AB1E6721B09E0D800A8F009 /* CYLSearchResultViewController.h */,
				9AB1E6731B09E0D800A8F009 /* CYLSearchResultViewController.m */,
				9AB1E6741B09E0D800A8F009 /* CYLSearchResultViewController.xib */,
			);
			name = Controller;
			sourceTree = "<group>";
		};
		9A48B9FB1AF10AF000AFE857 /* View */ = {
			isa = PBXGroup;
			children = (
				9A4BBBD51B18335600BD56DC /* CYLSearchBar.h */,
				9A4BBBD61B18335600BD56DC /* CYLSearchBar.m */,
			);
			name = View;
			sourceTree = "<group>";
		};
		9A48B9FC1AF10AF600AFE857 /* Other */ = {
			isa = PBXGroup;
			children = (
				9A6AD5A31B177CD800CAC6F0 /* UIView+General.h */,
				9A6AD5A41B177CD800CAC6F0 /* UIView+General.m */,
				9A6AD5A01B170A6300CAC6F0 /* JBKenBurnsView.h */,
				9A6AD5A11B170A6300CAC6F0 /* JBKenBurnsView.m */,
			);
			name = Other;
			sourceTree = "<group>";
		};
/* End PBXGroup section */

/* Begin PBXNativeTarget section */
		9A48B9CF1AF10A1C00AFE857 /* CYLSearchViewController */ = {
			isa = PBXNativeTarget;
			buildConfigurationList = 9A48B9F31AF10A1C00AFE857 /* Build configuration list for PBXNativeTarget "CYLSearchViewController" */;
			buildPhases = (
				9A48B9CC1AF10A1C00AFE857 /* Sources */,
				9A48B9CD1AF10A1C00AFE857 /* Frameworks */,
				9A48B9CE1AF10A1C00AFE857 /* Resources */,
			);
			buildRules = (
			);
			dependencies = (
			);
			name = CYLSearchViewController;
			productName = CYLSearchViewController;
			productReference = 9A48B9D01AF10A1C00AFE857 /* CYLSearchViewController.app */;
			productType = "com.apple.product-type.application";
		};
		9A48B9E81AF10A1C00AFE857 /* CYLSearchViewControllerTests */ = {
			isa = PBXNativeTarget;
			buildConfigurationList = 9A48B9F61AF10A1C00AFE857 /* Build configuration list for PBXNativeTarget "CYLSearchViewControllerTests" */;
			buildPhases = (
				9A48B9E51AF10A1C00AFE857 /* Sources */,
				9A48B9E61AF10A1C00AFE857 /* Frameworks */,
				9A48B9E71AF10A1C00AFE857 /* Resources */,
			);
			buildRules = (
			);
			dependencies = (
				9A48B9EB1AF10A1C00AFE857 /* PBXTargetDependency */,
			);
			name = CYLSearchViewControllerTests;
			productName = CYLSearchViewControllerTests;
			productReference = 9A48B9E91AF10A1C00AFE857 /* CYLSearchViewControllerTests.xctest */;
			productType = "com.apple.product-type.bundle.unit-test";
		};
/* End PBXNativeTarget section */

/* Begin PBXProject section */
		9A48B9C81AF10A1C00AFE857 /* Project object */ = {
			isa = PBXProject;
			attributes = {
				LastUpgradeCheck = 0630;
				ORGANIZATIONNAME = chenyilong;
				TargetAttributes = {
					9A48B9CF1AF10A1C00AFE857 = {
						CreatedOnToolsVersion = 6.3;
					};
					9A48B9E81AF10A1C00AFE857 = {
						CreatedOnToolsVersion = 6.3;
						TestTargetID = 9A48B9CF1AF10A1C00AFE857;
					};
				};
			};
			buildConfigurationList = 9A48B9CB1AF10A1C00AFE857 /* Build configuration list for PBXProject "CYLSearchViewController" */;
			compatibilityVersion = "Xcode 3.2";
			developmentRegion = English;
			hasScannedForEncodings = 0;
			knownRegions = (
				en,
				Base,
			);
			mainGroup = 9A48B9C71AF10A1C00AFE857;
			productRefGroup = 9A48B9D11AF10A1C00AFE857 /* Products */;
			projectDirPath = "";
			projectRoot = "";
			targets = (
				9A48B9CF1AF10A1C00AFE857 /* CYLSearchViewController */,
				9A48B9E81AF10A1C00AFE857 /* CYLSearchViewControllerTests */,
			);
		};
/* End PBXProject section */

/* Begin PBXResourcesBuildPhase section */
		9A48B9CE1AF10A1C00AFE857 /* Resources */ = {
			isa = PBXResourcesBuildPhase;
			buildActionMask = 2147483647;
			files = (
				9A48B9E41AF10A1C00AFE857 /* LaunchScreen.xib in Resources */,
				9AB1E6761B09E0D800A8F009 /* CYLSearchResultViewController.xib in Resources */,
				9A48B9E11AF10A1C00AFE857 /* Images.xcassets in Resources */,
				9A48BA0F1AF1309A00AFE857 /* CYLSearchController.xib in Resources */,
			);
			runOnlyForDeploymentPostprocessing = 0;
		};
		9A48B9E71AF10A1C00AFE857 /* Resources */ = {
			isa = PBXResourcesBuildPhase;
			buildActionMask = 2147483647;
			files = (
			);
			runOnlyForDeploymentPostprocessing = 0;
		};
/* End PBXResourcesBuildPhase section */

/* Begin PBXSourcesBuildPhase section */
		9A48B9CC1AF10A1C00AFE857 /* Sources */ = {
			isa = PBXSourcesBuildPhase;
			buildActionMask = 2147483647;
			files = (
				9AB1E6751B09E0D800A8F009 /* CYLSearchResultViewController.m in Sources */,
				9A48BA0E1AF1309A00AFE857 /* CYLSearchController.m in Sources */,
				9A6AD5A21B170A6300CAC6F0 /* JBKenBurnsView.m in Sources */,
				9A4BBBD71B18335600BD56DC /* CYLSearchBar.m in Sources */,
				9A48B9D91AF10A1C00AFE857 /* AppDelegate.m in Sources */,
				9A6AD5A51B177CD800CAC6F0 /* UIView+General.m in Sources */,
				9A48BA0D1AF1309A00AFE857 /* CYLSearchMainViewController.m in Sources */,
				9A48B9D61AF10A1C00AFE857 /* main.m in Sources */,
			);
			runOnlyForDeploymentPostprocessing = 0;
		};
		9A48B9E51AF10A1C00AFE857 /* Sources */ = {
			isa = PBXSourcesBuildPhase;
			buildActionMask = 2147483647;
			files = (
				9A48B9F01AF10A1C00AFE857 /* CYLSearchViewControllerTests.m in Sources */,
			);
			runOnlyForDeploymentPostprocessing = 0;
		};
/* End PBXSourcesBuildPhase section */

/* Begin PBXTargetDependency section */
		9A48B9EB1AF10A1C00AFE857 /* PBXTargetDependency */ = {
			isa = PBXTargetDependency;
			target = 9A48B9CF1AF10A1C00AFE857 /* CYLSearchViewController */;
			targetProxy = 9A48B9EA1AF10A1C00AFE857 /* PBXContainerItemProxy */;
		};
/* End PBXTargetDependency section */

/* Begin PBXVariantGroup section */
		9A48B9E21AF10A1C00AFE857 /* LaunchScreen.xib */ = {
			isa = PBXVariantGroup;
			children = (
				9A48B9E31AF10A1C00AFE857 /* Base */,
			);
			name = LaunchScreen.xib;
			sourceTree = "<group>";
		};
/* End PBXVariantGroup section */

/* Begin XCBuildConfiguration section */
		9A48B9F11AF10A1C00AFE857 /* Debug */ = {
			isa = XCBuildConfiguration;
			buildSettings = {
				ALWAYS_SEARCH_USER_PATHS = NO;
				CLANG_CXX_LANGUAGE_STANDARD = "gnu++0x";
				CLANG_CXX_LIBRARY = "libc++";
				CLANG_ENABLE_MODULES = YES;
				CLANG_ENABLE_OBJC_ARC = YES;
				CLANG_WARN_BOOL_CONVERSION = YES;
				CLANG_WARN_CONSTANT_CONVERSION = YES;
				CLANG_WARN_DIRECT_OBJC_ISA_USAGE = YES_ERROR;
				CLANG_WARN_EMPTY_BODY = YES;
				CLANG_WARN_ENUM_CONVERSION = YES;
				CLANG_WARN_INT_CONVERSION = YES;
				CLANG_WARN_OBJC_ROOT_CLASS = YES_ERROR;
				CLANG_WARN_UNREACHABLE_CODE = YES;
				CLANG_WARN__DUPLICATE_METHOD_MATCH = YES;
				"CODE_SIGN_IDENTITY[sdk=iphoneos*]" = "iPhone Developer";
				COPY_PHASE_STRIP = NO;
				DEBUG_INFORMATION_FORMAT = "dwarf-with-dsym";
				ENABLE_STRICT_OBJC_MSGSEND = YES;
				GCC_C_LANGUAGE_STANDARD = gnu99;
				GCC_DYNAMIC_NO_PIC = NO;
				GCC_NO_COMMON_BLOCKS = YES;
				GCC_OPTIMIZATION_LEVEL = 0;
				GCC_PREPROCESSOR_DEFINITIONS = (
					"DEBUG=1",
					"$(inherited)",
				);
				GCC_SYMBOLS_PRIVATE_EXTERN = NO;
				GCC_WARN_64_TO_32_BIT_CONVERSION = YES;
				GCC_WARN_ABOUT_RETURN_TYPE = YES_ERROR;
				GCC_WARN_UNDECLARED_SELECTOR = YES;
				GCC_WARN_UNINITIALIZED_AUTOS = YES_AGGRESSIVE;
				GCC_WARN_UNUSED_FUNCTION = YES;
				GCC_WARN_UNUSED_VARIABLE = YES;
				IPHONEOS_DEPLOYMENT_TARGET = 7.0;
				MTL_ENABLE_DEBUG_INFO = YES;
				ONLY_ACTIVE_ARCH = YES;
				SDKROOT = iphoneos;
			};
			name = Debug;
		};
		9A48B9F21AF10A1C00AFE857 /* Release */ = {
			isa = XCBuildConfiguration;
			buildSettings = {
				ALWAYS_SEARCH_USER_PATHS = NO;
				CLANG_CXX_LANGUAGE_STANDARD = "gnu++0x";
				CLANG_CXX_LIBRARY = "libc++";
				CLANG_ENABLE_MODULES = YES;
				CLANG_ENABLE_OBJC_ARC = YES;
				CLANG_WARN_BOOL_CONVERSION = YES;
				CLANG_WARN_CONSTANT_CONVERSION = YES;
				CLANG_WARN_DIRECT_OBJC_ISA_USAGE = YES_ERROR;
				CLANG_WARN_EMPTY_BODY = YES;
				CLANG_WARN_ENUM_CONVERSION = YES;
				CLANG_WARN_INT_CONVERSION = YES;
				CLANG_WARN_OBJC_ROOT_CLASS = YES_ERROR;
				CLANG_WARN_UNREACHABLE_CODE = YES;
				CLANG_WARN__DUPLICATE_METHOD_MATCH = YES;
				"CODE_SIGN_IDENTITY[sdk=iphoneos*]" = "iPhone Developer";
				COPY_PHASE_STRIP = NO;
				DEBUG_INFORMATION_FORMAT = "dwarf-with-dsym";
				ENABLE_NS_ASSERTIONS = NO;
				ENABLE_STRICT_OBJC_MSGSEND = YES;
				GCC_C_LANGUAGE_STANDARD = gnu99;
				GCC_NO_COMMON_BLOCKS = YES;
				GCC_WARN_64_TO_32_BIT_CONVERSION = YES;
				GCC_WARN_ABOUT_RETURN_TYPE = YES_ERROR;
				GCC_WARN_UNDECLARED_SELECTOR = YES;
				GCC_WARN_UNINITIALIZED_AUTOS = YES_AGGRESSIVE;
				GCC_WARN_UNUSED_FUNCTION = YES;
				GCC_WARN_UNUSED_VARIABLE = YES;
				IPHONEOS_DEPLOYMENT_TARGET = 7.0;
				MTL_ENABLE_DEBUG_INFO = NO;
				SDKROOT = iphoneos;
				VALIDATE_PRODUCT = YES;
			};
			name = Release;
		};
		9A48B9F41AF10A1C00AFE857 /* Debug */ = {
			isa = XCBuildConfiguration;
			buildSettings = {
				ASSETCATALOG_COMPILER_APPICON_NAME = AppIcon;
				INFOPLIST_FILE = CYLSearchViewController/Info.plist;
				IPHONEOS_DEPLOYMENT_TARGET = 7.0;
				LD_RUNPATH_SEARCH_PATHS = "$(inherited) @executable_path/Frameworks";
				PRODUCT_NAME = "$(TARGET_NAME)";
			};
			name = Debug;
		};
		9A48B9F51AF10A1C00AFE857 /* Release */ = {
			isa = XCBuildConfiguration;
			buildSettings = {
				ASSETCATALOG_COMPILER_APPICON_NAME = AppIcon;
				INFOPLIST_FILE = CYLSearchViewController/Info.plist;
				IPHONEOS_DEPLOYMENT_TARGET = 7.0;
				LD_RUNPATH_SEARCH_PATHS = "$(inherited) @executable_path/Frameworks";
				PRODUCT_NAME = "$(TARGET_NAME)";
			};
			name = Release;
		};
		9A48B9F71AF10A1C00AFE857 /* Debug */ = {
			isa = XCBuildConfiguration;
			buildSettings = {
				BUNDLE_LOADER = "$(TEST_HOST)";
				FRAMEWORK_SEARCH_PATHS = (
					"$(SDKROOT)/Developer/Library/Frameworks",
					"$(inherited)",
				);
				GCC_PREPROCESSOR_DEFINITIONS = (
					"DEBUG=1",
					"$(inherited)",
				);
				INFOPLIST_FILE = CYLSearchViewControllerTests/Info.plist;
				LD_RUNPATH_SEARCH_PATHS = "$(inherited) @executable_path/Frameworks @loader_path/Frameworks";
				PRODUCT_NAME = "$(TARGET_NAME)";
				TEST_HOST = "$(BUILT_PRODUCTS_DIR)/CYLSearchViewController.app/CYLSearchViewController";
			};
			name = Debug;
		};
		9A48B9F81AF10A1C00AFE857 /* Release */ = {
			isa = XCBuildConfiguration;
			buildSettings = {
				BUNDLE_LOADER = "$(TEST_HOST)";
				FRAMEWORK_SEARCH_PATHS = (
					"$(SDKROOT)/Developer/Library/Frameworks",
					"$(inherited)",
				);
				INFOPLIST_FILE = CYLSearchViewControllerTests/Info.plist;
				LD_RUNPATH_SEARCH_PATHS = "$(inherited) @executable_path/Frameworks @loader_path/Frameworks";
				PRODUCT_NAME = "$(TARGET_NAME)";
				TEST_HOST = "$(BUILT_PRODUCTS_DIR)/CYLSearchViewController.app/CYLSearchViewController";
			};
			name = Release;
		};
/* End XCBuildConfiguration section */

/* Begin XCConfigurationList section */
		9A48B9CB1AF10A1C00AFE857 /* Build configuration list for PBXProject "CYLSearchViewController" */ = {
			isa = XCConfigurationList;
			buildConfigurations = (
				9A48B9F11AF10A1C00AFE857 /* Debug */,
				9A48B9F21AF10A1C00AFE857 /* Release */,
			);
			defaultConfigurationIsVisible = 0;
			defaultConfigurationName = Release;
		};
		9A48B9F31AF10A1C00AFE857 /* Build configuration list for PBXNativeTarget "CYLSearchViewController" */ = {
			isa = XCConfigurationList;
			buildConfigurations = (
				9A48B9F41AF10A1C00AFE857 /* Debug */,
				9A48B9F51AF10A1C00AFE857 /* Release */,
			);
			defaultConfigurationIsVisible = 0;
			defaultConfigurationName = Release;
		};
		9A48B9F61AF10A1C00AFE857 /* Build configuration list for PBXNativeTarget "CYLSearchViewControllerTests" */ = {
			isa = XCConfigurationList;
			buildConfigurations = (
				9A48B9F71AF10A1C00AFE857 /* Debug */,
				9A48B9F81AF10A1C00AFE857 /* Release */,
			);
			defaultConfigurationIsVisible = 0;
			defaultConfigurationName = Release;
		};
/* End XCConfigurationList section */
	};
	rootObject = 9A48B9C81AF10A1C00AFE857 /* Project object */;
}
